
Microsoft Visual Studio Solution File, Format Version 12.00
# Visual Studio Version 16
VisualStudioVersion = 16.0.31321.278
MinimumVisualStudioVersion = 10.0.40219.1
Project("{9A19103F-16F7-4668-BE54-9A1E7A4F7556}") = "MolderConsoleApp", "MolderConsoleApp\MolderConsoleApp.csproj", "{7C1DA575-E468-43B9-8D95-C8559F140C6D}"
EndProject
Project("{9A19103F-16F7-4668-BE54-9A1E7A4F7556}") = "MolderTestsProject", "MolderTestsProject\MolderTestsProject.csproj", "{B297CAF2-401E-4E3F-B675-094083956EDE}"
EndProject
Project("{FAE04EC0-301F-11D3-BF4B-00C04F79EFBC}") = "Molder.DatabaseExample", "Molder.DatabaseExample\Molder.DatabaseExample.csproj", "{94E67DD8-65C3-46BE-91BF-4F7B70FEFE16}"
EndProject
Project("{FAE04EC0-301F-11D3-BF4B-00C04F79EFBC}") = "Molder.ServiceExample", "Molder.ServiceExample\Molder.ServiceExample.csproj", "{A42EAFB0-5FBA-4B68-940F-83E0EC893DCE}"
EndProject
Global
	GlobalSection(SolutionConfigurationPlatforms) = preSolution
		Debug|Any CPU = Debug|Any CPU
		Release|Any CPU = Release|Any CPU
	EndGlobalSection
	GlobalSection(ProjectConfigurationPlatforms) = postSolution
		{7C1DA575-E468-43B9-8D95-C8559F140C6D}.Debug|Any CPU.ActiveCfg = Debug|Any CPU
		{7C1DA575-E468-43B9-8D95-C8559F140C6D}.Debug|Any CPU.Build.0 = Debug|Any CPU
		{7C1DA575-E468-43B9-8D95-C8559F140C6D}.Release|Any CPU.ActiveCfg = Release|Any CPU
		{7C1DA575-E468-43B9-8D95-C8559F140C6D}.Release|Any CPU.Build.0 = Release|Any CPU
		{B297CAF2-401E-4E3F-B675-094083956EDE}.Debug|Any CPU.ActiveCfg = Debug|Any CPU
		{B297CAF2-401E-4E3F-B675-094083956EDE}.Debug|Any CPU.Build.0 = Debug|Any CPU
		{B297CAF2-401E-4E3F-B675-094083956EDE}.Release|Any CPU.ActiveCfg = Release|Any CPU
		{B297CAF2-401E-4E3F-B675-094083956EDE}.Release|Any CPU.Build.0 = Release|Any CPU
		{94E67DD8-65C3-46BE-91BF-4F7B70FEFE16}.Debug|Any CPU.ActiveCfg = Debug|Any CPU
		{94E67DD8-65C3-46BE-91BF-4F7B70FEFE16}.Debug|Any CPU.Build.0 = Debug|Any CPU
		{94E67DD8-65C3-46BE-91BF-4F7B70FEFE16}.Release|Any CPU.ActiveCfg = Release|Any CPU
		{94E67DD8-65C3-46BE-91BF-4F7B70FEFE16}.Release|Any CPU.Build.0 = Release|Any CPU
		{A42EAFB0-5FBA-4B68-940F-83E0EC893DCE}.Debug|Any CPU.ActiveCfg = Debug|Any CPU
		{A42EAFB0-5FBA-4B68-940F-83E0EC893DCE}.Debug|Any CPU.Build.0 = Debug|Any CPU
		{A42EAFB0-5FBA-4B68-940F-83E0EC893DCE}.Release|Any CPU.ActiveCfg = Release|Any CPU
		{A42EAFB0-5FBA-4B68-940F-83E0EC893DCE}.Release|Any CPU.Build.0 = Release|Any CPU
	EndGlobalSection
	GlobalSection(SolutionProperties) = preSolution
		HideSolutionNode = FALSE
	EndGlobalSection
	GlobalSection(ExtensibilityGlobals) = postSolution
		SolutionGuid = {95CD359E-CF95-4899-BCF0-04F2165E279E}
	EndGlobalSection
EndGlobal
